
Microsoft Visual Studio Solution File, Format Version 12.00
# Visual Studio Version 16
VisualStudioVersion = 16.0.31205.134
MinimumVisualStudioVersion = 10.0.40219.1
Project("{9A19103F-16F7-4668-BE54-9A1E7A4F7556}") = "GCP.WebAPI", "GCP.WebAPI\GCP.WebAPI.csproj", "{2642E509-25AC-4944-95F3-FB2D9F4F85F0}"
EndProject
Project("{9A19103F-16F7-4668-BE54-9A1E7A4F7556}") = "GCP.Util", "GCP.Util\GCP.Util.csproj", "{B813D5B4-22E0-47E4-816B-B415D94FB076}"
EndProject
Project("{2150E333-8FDC-42A3-9474-1A3956D46DE8}") = "01 基础设施", "01 基础设施", "{3FA6808E-F547-4AD8-93CD-070F6837DF6D}"
EndProject
Project("{2150E333-8FDC-42A3-9474-1A3956D46DE8}") = "02 数据访问", "02 数据访问", "{3B42AC91-5049-4BE7-95DA-7D379E893C84}"
EndProject
Project("{2150E333-8FDC-42A3-9474-1A3956D46DE8}") = "03 业务逻辑", "03 业务逻辑", "{47D0E6B5-32CF-4DDF-8AE3-0E2874028300}"
EndProject
Project("{2150E333-8FDC-42A3-9474-1A3956D46DE8}") = "04 实体模型", "04 实体模型", "{F2A1165A-866E-4A7F-A16F-A1613F800F8C}"
EndProject
Project("{2150E333-8FDC-42A3-9474-1A3956D46DE8}") = "05 网页接口", "05 网页接口", "{4FD1E7CA-1353-4649-82F4-E66AF6CF2523}"
EndProject
Project("{9A19103F-16F7-4668-BE54-9A1E7A4F7556}") = "GCP.Enum", "GCP.Enum\GCP.Enum.csproj", "{308FF2DC-9C41-4CC5-89A5-E259DB897F96}"
EndProject
Project("{9A19103F-16F7-4668-BE54-9A1E7A4F7556}") = "GCP.Repository", "GCP.Repository\GCP.Repository.csproj", "{747D2DF5-D8AF-4BC4-8344-A89D42D3AD32}"
EndProject
Project("{9A19103F-16F7-4668-BE54-9A1E7A4F7556}") = "GCP.Entity", "GCP.Entity\GCP.Entity.csproj", "{D470C8E4-BE25-44F0-94E5-F8A7C25C6F46}"
EndProject
Project("{2150E333-8FDC-42A3-9474-1A3956D46DE8}") = "10 单元测试", "10 单元测试", "{15E2513A-D083-4578-9F29-89B2ADD98945}"
EndProject
Project("{9A19103F-16F7-4668-BE54-9A1E7A4F7556}") = "GCP.Code", "GCP.Code\GCP.Code.csproj", "{1F7B4797-2BF3-49C0-8D44-4396605894F2}"
EndProject
Project("{9A19103F-16F7-4668-BE54-9A1E7A4F7556}") = "GCP.Business", "GCP.Business\GCP.Business.csproj", "{23C36B0A-6491-40D2-9214-BD028A7FBA3B}"
EndProject
Project("{9A19103F-16F7-4668-BE54-9A1E7A4F7556}") = "GCP.Service", "GCP.Service\GCP.Service.csproj", "{7DF4FC82-4522-4A3C-B3AA-506FB28FAB09}"
EndProject
Project("{9A19103F-16F7-4668-BE54-9A1E7A4F7556}") = "GCP.Redis", "GCP.Redis\GCP.Redis.csproj", "{21E8C76A-3C10-4F00-809E-81C6CFF3F385}"
EndProject
Project("{9A19103F-16F7-4668-BE54-9A1E7A4F7556}") = "GCP.Memory", "GCP.Memory\GCP.Memory.csproj", "{D7D1CA8E-239A-41E2-B557-ED43E672F838}"
EndProject
Project("{9A19103F-16F7-4668-BE54-9A1E7A4F7556}") = "GCP.CacheInterface", "GCP.CacheInterface\GCP.CacheInterface.csproj", "{82FC82CA-4B8F-4D8D-A5F1-A23C808278E3}"
EndProject
Project("{2150E333-8FDC-42A3-9474-1A3956D46DE8}") = "数据缓存", "数据缓存", "{FF5EFCB0-A87A-44AD-BE41-3CB3FC05FEBF}"
EndProject
Project("{9A19103F-16F7-4668-BE54-9A1E7A4F7556}") = "GCP.Cache.Factory", "GCP.Cache.Factory\GCP.Cache.Factory.csproj", "{B931D264-6EEA-4D57-87F5-B2983117E4E9}"
EndProject
Project("{9A19103F-16F7-4668-BE54-9A1E7A4F7556}") = "GCP.Business.Cache", "GCP.Business.Cache\GCP.Business.Cache.csproj", "{C116AA97-B89E-4762-A447-8E5C9923083C}"
EndProject
Project("{9A19103F-16F7-4668-BE54-9A1E7A4F7556}") = "GCP.Model", "GCP.Model\GCP.Model.csproj", "{236D9218-E1B9-4FF2-BDA2-64EAECB83100}"
EndProject
Project("{9A19103F-16F7-4668-BE54-9A1E7A4F7556}") = "GCP.CodeGenerator", "GCP.CodeGenerator\GCP.CodeGenerator.csproj", "{4940BF76-0D2F-4283-81C6-07BE0D1D049B}"
EndProject
Global
	GlobalSection(SolutionConfigurationPlatforms) = preSolution
		Debug|Any CPU = Debug|Any CPU
		Release|Any CPU = Release|Any CPU
	EndGlobalSection
	GlobalSection(ProjectConfigurationPlatforms) = postSolution
		{2642E509-25AC-4944-95F3-FB2D9F4F85F0}.Debug|Any CPU.ActiveCfg = Debug|Any CPU
		{2642E509-25AC-4944-95F3-FB2D9F4F85F0}.Debug|Any CPU.Build.0 = Debug|Any CPU
		{2642E509-25AC-4944-95F3-FB2D9F4F85F0}.Release|Any CPU.ActiveCfg = Release|Any CPU
		{2642E509-25AC-4944-95F3-FB2D9F4F85F0}.Release|Any CPU.Build.0 = Release|Any CPU
		{B813D5B4-22E0-47E4-816B-B415D94FB076}.Debug|Any CPU.ActiveCfg = Debug|Any CPU
		{B813D5B4-22E0-47E4-816B-B415D94FB076}.Debug|Any CPU.Build.0 = Debug|Any CPU
		{B813D5B4-22E0-47E4-816B-B415D94FB076}.Release|Any CPU.ActiveCfg = Release|Any CPU
		{B813D5B4-22E0-47E4-816B-B415D94FB076}.Release|Any CPU.Build.0 = Release|Any CPU
		{308FF2DC-9C41-4CC5-89A5-E259DB897F96}.Debug|Any CPU.ActiveCfg = Debug|Any CPU
		{308FF2DC-9C41-4CC5-89A5-E259DB897F96}.Debug|Any CPU.Build.0 = Debug|Any CPU
		{308FF2DC-9C41-4CC5-89A5-E259DB897F96}.Release|Any CPU.ActiveCfg = Release|Any CPU
		{308FF2DC-9C41-4CC5-89A5-E259DB897F96}.Release|Any CPU.Build.0 = Release|Any CPU
		{747D2DF5-D8AF-4BC4-8344-A89D42D3AD32}.Debug|Any CPU.ActiveCfg = Debug|Any CPU
		{747D2DF5-D8AF-4BC4-8344-A89D42D3AD32}.Debug|Any CPU.Build.0 = Debug|Any CPU
		{747D2DF5-D8AF-4BC4-8344-A89D42D3AD32}.Release|Any CPU.ActiveCfg = Release|Any CPU
		{747D2DF5-D8AF-4BC4-8344-A89D42D3AD32}.Release|Any CPU.Build.0 = Release|Any CPU
		{D470C8E4-BE25-44F0-94E5-F8A7C25C6F46}.Debug|Any CPU.ActiveCfg = Debug|Any CPU
		{D470C8E4-BE25-44F0-94E5-F8A7C25C6F46}.Debug|Any CPU.Build.0 = Debug|Any CPU
		{D470C8E4-BE25-44F0-94E5-F8A7C25C6F46}.Release|Any CPU.ActiveCfg = Release|Any CPU
		{D470C8E4-BE25-44F0-94E5-F8A7C25C6F46}.Release|Any CPU.Build.0 = Release|Any CPU
		{1F7B4797-2BF3-49C0-8D44-4396605894F2}.Debug|Any CPU.ActiveCfg = Debug|Any CPU
		{1F7B4797-2BF3-49C0-8D44-4396605894F2}.Debug|Any CPU.Build.0 = Debug|Any CPU
		{1F7B4797-2BF3-49C0-8D44-4396605894F2}.Release|Any CPU.ActiveCfg = Release|Any CPU
		{1F7B4797-2BF3-49C0-8D44-4396605894F2}.Release|Any CPU.Build.0 = Release|Any CPU
		{23C36B0A-6491-40D2-9214-BD028A7FBA3B}.Debug|Any CPU.ActiveCfg = Debug|Any CPU
		{23C36B0A-6491-40D2-9214-BD028A7FBA3B}.Debug|Any CPU.Build.0 = Debug|Any CPU
		{23C36B0A-6491-40D2-9214-BD028A7FBA3B}.Release|Any CPU.ActiveCfg = Release|Any CPU
		{23C36B0A-6491-40D2-9214-BD028A7FBA3B}.Release|Any CPU.Build.0 = Release|Any CPU
		{7DF4FC82-4522-4A3C-B3AA-506FB28FAB09}.Debug|Any CPU.ActiveCfg = Debug|Any CPU
		{7DF4FC82-4522-4A3C-B3AA-506FB28FAB09}.Debug|Any CPU.Build.0 = Debug|Any CPU
		{7DF4FC82-4522-4A3C-B3AA-506FB28FAB09}.Release|Any CPU.ActiveCfg = Release|Any CPU
		{7DF4FC82-4522-4A3C-B3AA-506FB28FAB09}.Release|Any CPU.Build.0 = Release|Any CPU
		{21E8C76A-3C10-4F00-809E-81C6CFF3F385}.Debug|Any CPU.ActiveCfg = Debug|Any CPU
		{21E8C76A-3C10-4F00-809E-81C6CFF3F385}.Debug|Any CPU.Build.0 = Debug|Any CPU
		{21E8C76A-3C10-4F00-809E-81C6CFF3F385}.Release|Any CPU.ActiveCfg = Release|Any CPU
		{21E8C76A-3C10-4F00-809E-81C6CFF3F385}.Release|Any CPU.Build.0 = Release|Any CPU
		{D7D1CA8E-239A-41E2-B557-ED43E672F838}.Debug|Any CPU.ActiveCfg = Debug|Any CPU
		{D7D1CA8E-239A-41E2-B557-ED43E672F838}.Debug|Any CPU.Build.0 = Debug|Any CPU
		{D7D1CA8E-239A-41E2-B557-ED43E672F838}.Release|Any CPU.ActiveCfg = Release|Any CPU
		{D7D1CA8E-239A-41E2-B557-ED43E672F838}.Release|Any CPU.Build.0 = Release|Any CPU
		{82FC82CA-4B8F-4D8D-A5F1-A23C808278E3}.Debug|Any CPU.ActiveCfg = Debug|Any CPU
		{82FC82CA-4B8F-4D8D-A5F1-A23C808278E3}.Debug|Any CPU.Build.0 = Debug|Any CPU
		{82FC82CA-4B8F-4D8D-A5F1-A23C808278E3}.Release|Any CPU.ActiveCfg = Release|Any CPU
		{82FC82CA-4B8F-4D8D-A5F1-A23C808278E3}.Release|Any CPU.Build.0 = Release|Any CPU
		{B931D264-6EEA-4D57-87F5-B2983117E4E9}.Debug|Any CPU.ActiveCfg = Debug|Any CPU
		{B931D264-6EEA-4D57-87F5-B2983117E4E9}.Debug|Any CPU.Build.0 = Debug|Any CPU
		{B931D264-6EEA-4D57-87F5-B2983117E4E9}.Release|Any CPU.ActiveCfg = Release|Any CPU
		{B931D264-6EEA-4D57-87F5-B2983117E4E9}.Release|Any CPU.Build.0 = Release|Any CPU
		{C116AA97-B89E-4762-A447-8E5C9923083C}.Debug|Any CPU.ActiveCfg = Debug|Any CPU
		{C116AA97-B89E-4762-A447-8E5C9923083C}.Debug|Any CPU.Build.0 = Debug|Any CPU
		{C116AA97-B89E-4762-A447-8E5C9923083C}.Release|Any CPU.ActiveCfg = Release|Any CPU
		{C116AA97-B89E-4762-A447-8E5C9923083C}.Release|Any CPU.Build.0 = Release|Any CPU
		{236D9218-E1B9-4FF2-BDA2-64EAECB83100}.Debug|Any CPU.ActiveCfg = Debug|Any CPU
		{236D9218-E1B9-4FF2-BDA2-64EAECB83100}.Debug|Any CPU.Build.0 = Debug|Any CPU
		{236D9218-E1B9-4FF2-BDA2-64EAECB83100}.Release|Any CPU.ActiveCfg = Release|Any CPU
		{236D9218-E1B9-4FF2-BDA2-64EAECB83100}.Release|Any CPU.Build.0 = Release|Any CPU
		{4940BF76-0D2F-4283-81C6-07BE0D1D049B}.Debug|Any CPU.ActiveCfg = Debug|Any CPU
		{4940BF76-0D2F-4283-81C6-07BE0D1D049B}.Debug|Any CPU.Build.0 = Debug|Any CPU
		{4940BF76-0D2F-4283-81C6-07BE0D1D049B}.Release|Any CPU.ActiveCfg = Release|Any CPU
		{4940BF76-0D2F-4283-81C6-07BE0D1D049B}.Release|Any CPU.Build.0 = Release|Any CPU
	EndGlobalSection
	GlobalSection(SolutionProperties) = preSolution
		HideSolutionNode = FALSE
	EndGlobalSection
	GlobalSection(NestedProjects) = preSolution
		{2642E509-25AC-4944-95F3-FB2D9F4F85F0} = {4FD1E7CA-1353-4649-82F4-E66AF6CF2523}
		{B813D5B4-22E0-47E4-816B-B415D94FB076} = {3FA6808E-F547-4AD8-93CD-070F6837DF6D}
		{308FF2DC-9C41-4CC5-89A5-E259DB897F96} = {F2A1165A-866E-4A7F-A16F-A1613F800F8C}
		{747D2DF5-D8AF-4BC4-8344-A89D42D3AD32} = {3B42AC91-5049-4BE7-95DA-7D379E893C84}
		{D470C8E4-BE25-44F0-94E5-F8A7C25C6F46} = {F2A1165A-866E-4A7F-A16F-A1613F800F8C}
		{1F7B4797-2BF3-49C0-8D44-4396605894F2} = {4FD1E7CA-1353-4649-82F4-E66AF6CF2523}
		{23C36B0A-6491-40D2-9214-BD028A7FBA3B} = {47D0E6B5-32CF-4DDF-8AE3-0E2874028300}
		{7DF4FC82-4522-4A3C-B3AA-506FB28FAB09} = {47D0E6B5-32CF-4DDF-8AE3-0E2874028300}
		{21E8C76A-3C10-4F00-809E-81C6CFF3F385} = {FF5EFCB0-A87A-44AD-BE41-3CB3FC05FEBF}
		{D7D1CA8E-239A-41E2-B557-ED43E672F838} = {FF5EFCB0-A87A-44AD-BE41-3CB3FC05FEBF}
		{82FC82CA-4B8F-4D8D-A5F1-A23C808278E3} = {FF5EFCB0-A87A-44AD-BE41-3CB3FC05FEBF}
		{FF5EFCB0-A87A-44AD-BE41-3CB3FC05FEBF} = {3FA6808E-F547-4AD8-93CD-070F6837DF6D}
		{B931D264-6EEA-4D57-87F5-B2983117E4E9} = {FF5EFCB0-A87A-44AD-BE41-3CB3FC05FEBF}
		{C116AA97-B89E-4762-A447-8E5C9923083C} = {47D0E6B5-32CF-4DDF-8AE3-0E2874028300}
		{236D9218-E1B9-4FF2-BDA2-64EAECB83100} = {F2A1165A-866E-4A7F-A16F-A1613F800F8C}
		{4940BF76-0D2F-4283-81C6-07BE0D1D049B} = {3FA6808E-F547-4AD8-93CD-070F6837DF6D}
	EndGlobalSection
	GlobalSection(ExtensibilityGlobals) = postSolution
		SolutionGuid = {AAA50D12-B2BE-41D5-8344-473D94B6A554}
	EndGlobalSection
EndGlobal
