
Microsoft Visual Studio Solution File, Format Version 12.00
# Visual Studio Version 17
VisualStudioVersion = 17.5.33516.290
MinimumVisualStudioVersion = 10.0.40219.1
Project("{FAE04EC0-301F-11D3-BF4B-00C04F79EFBC}") = "ConsoleApp1", "ConsoleApp1\ConsoleApp1.csproj", "{88D63A26-EE59-4EE5-A2CC-557FE46596FC}"
EndProject
Global
	GlobalSection(SolutionConfigurationPlatforms) = preSolution
		Debug|Any CPU = Debug|Any CPU
		Release|Any CPU = Release|Any CPU
	EndGlobalSection
	GlobalSection(ProjectConfigurationPlatforms) = postSolution
		{88D63A26-EE59-4EE5-A2CC-557FE46596FC}.Debug|Any CPU.ActiveCfg = Debug|Any CPU
		{88D63A26-EE59-4EE5-A2CC-557FE46596FC}.Debug|Any CPU.Build.0 = Debug|Any CPU
		{88D63A26-EE59-4EE5-A2CC-557FE46596FC}.Release|Any CPU.ActiveCfg = Release|Any CPU
		{88D63A26-EE59-4EE5-A2CC-557FE46596FC}.Release|Any CPU.Build.0 = Release|Any CPU
	EndGlobalSection
	GlobalSection(SolutionProperties) = preSolution
		HideSolutionNode = FALSE
	EndGlobalSection
	GlobalSection(ExtensibilityGlobals) = postSolution
		SolutionGuid = {B30EBD9B-22E6-4D9A-B9A8-0D1477081B8A}
	EndGlobalSection
EndGlobal
